
Microsoft Visual Studio Solution File, Format Version 12.00
# Visual Studio Version 16
VisualStudioVersion = 16.0.31515.178
MinimumVisualStudioVersion = 10.0.40219.1
Project("{9A19103F-16F7-4668-BE54-9A1E7A4F7556}") = "MCClone_Core", "MCClone_Core\MCClone_Core.csproj", "{B9A1859B-6E2E-4479-9648-45CB1BFC781C}"
EndProject
Project("{9A19103F-16F7-4668-BE54-9A1E7A4F7556}") = "Engine", "Engine\Engine.csproj", "{9102FDDC-AED7-4861-A96B-D65E82D73915}"
EndProject
Project("{FAE04EC0-301F-11D3-BF4B-00C04F79EFBC}") = "LevelLoaderTest", "LevelLoaderTest\LevelLoaderTest.csproj", "{7F9461AD-E74A-4FB3-9D2F-76CF3C601B89}"
EndProject
Global
	GlobalSection(SolutionConfigurationPlatforms) = preSolution
		Debug|Any CPU = Debug|Any CPU
		Release|Any CPU = Release|Any CPU
	EndGlobalSection
	GlobalSection(ProjectConfigurationPlatforms) = postSolution
		{B9A1859B-6E2E-4479-9648-45CB1BFC781C}.Debug|Any CPU.ActiveCfg = Debug|Any CPU
		{B9A1859B-6E2E-4479-9648-45CB1BFC781C}.Debug|Any CPU.Build.0 = Debug|Any CPU
		{B9A1859B-6E2E-4479-9648-45CB1BFC781C}.Release|Any CPU.ActiveCfg = Release|Any CPU
		{B9A1859B-6E2E-4479-9648-45CB1BFC781C}.Release|Any CPU.Build.0 = Release|Any CPU
		{9102FDDC-AED7-4861-A96B-D65E82D73915}.Debug|Any CPU.ActiveCfg = Debug|Any CPU
		{9102FDDC-AED7-4861-A96B-D65E82D73915}.Debug|Any CPU.Build.0 = Debug|Any CPU
		{9102FDDC-AED7-4861-A96B-D65E82D73915}.Release|Any CPU.ActiveCfg = Release|Any CPU
		{9102FDDC-AED7-4861-A96B-D65E82D73915}.Release|Any CPU.Build.0 = Release|Any CPU
		{7F9461AD-E74A-4FB3-9D2F-76CF3C601B89}.Debug|Any CPU.ActiveCfg = Debug|Any CPU
		{7F9461AD-E74A-4FB3-9D2F-76CF3C601B89}.Debug|Any CPU.Build.0 = Debug|Any CPU
		{7F9461AD-E74A-4FB3-9D2F-76CF3C601B89}.Release|Any CPU.ActiveCfg = Release|Any CPU
		{7F9461AD-E74A-4FB3-9D2F-76CF3C601B89}.Release|Any CPU.Build.0 = Release|Any CPU
	EndGlobalSection
	GlobalSection(SolutionProperties) = preSolution
		HideSolutionNode = FALSE
	EndGlobalSection
	GlobalSection(ExtensibilityGlobals) = postSolution
		SolutionGuid = {FAE346D9-9199-4CA4-A99A-4AB8A09DFB5A}
	EndGlobalSection
EndGlobal
