
Microsoft Visual Studio Solution File, Format Version 12.00
# Visual Studio Version 16
VisualStudioVersion = 16.0.31515.178
MinimumVisualStudioVersion = 10.0.40219.1
Project("{9A19103F-16F7-4668-BE54-9A1E7A4F7556}") = "MCClone_Core", "MCClone_Core\MCClone_Core.csproj", "{B9A1859B-6E2E-4479-9648-45CB1BFC781C}"
EndProject
Project("{9A19103F-16F7-4668-BE54-9A1E7A4F7556}") = "Engine", "Engine\Engine.csproj", "{9102FDDC-AED7-4861-A96B-D65E82D73915}"
EndProject
Project("{FAE04EC0-301F-11D3-BF4B-00C04F79EFBC}") = "ObjDemo", "ObjDemo\ObjDemo.csproj", "{CD8D0185-54AE-466D-A653-D9C7FBEA25E2}"
EndProject
Project("{FAE04EC0-301F-11D3-BF4B-00C04F79EFBC}") = "InputTest", "InputTest\InputTest.csproj", "{4B10BDD5-C0E5-4860-B113-8394B3B7896D}"
EndProject
Global
	GlobalSection(SolutionConfigurationPlatforms) = preSolution
		Debug|Any CPU = Debug|Any CPU
		Release|Any CPU = Release|Any CPU
	EndGlobalSection
	GlobalSection(ProjectConfigurationPlatforms) = postSolution
		{B9A1859B-6E2E-4479-9648-45CB1BFC781C}.Debug|Any CPU.ActiveCfg = Debug|Any CPU
		{B9A1859B-6E2E-4479-9648-45CB1BFC781C}.Debug|Any CPU.Build.0 = Debug|Any CPU
		{B9A1859B-6E2E-4479-9648-45CB1BFC781C}.Release|Any CPU.ActiveCfg = Release|Any CPU
		{B9A1859B-6E2E-4479-9648-45CB1BFC781C}.Release|Any CPU.Build.0 = Release|Any CPU
		{9102FDDC-AED7-4861-A96B-D65E82D73915}.Debug|Any CPU.ActiveCfg = Debug|Any CPU
		{9102FDDC-AED7-4861-A96B-D65E82D73915}.Debug|Any CPU.Build.0 = Debug|Any CPU
		{9102FDDC-AED7-4861-A96B-D65E82D73915}.Release|Any CPU.ActiveCfg = Release|Any CPU
		{9102FDDC-AED7-4861-A96B-D65E82D73915}.Release|Any CPU.Build.0 = Release|Any CPU
		{CD8D0185-54AE-466D-A653-D9C7FBEA25E2}.Debug|Any CPU.ActiveCfg = Debug|Any CPU
		{CD8D0185-54AE-466D-A653-D9C7FBEA25E2}.Debug|Any CPU.Build.0 = Debug|Any CPU
		{CD8D0185-54AE-466D-A653-D9C7FBEA25E2}.Release|Any CPU.ActiveCfg = Release|Any CPU
		{CD8D0185-54AE-466D-A653-D9C7FBEA25E2}.Release|Any CPU.Build.0 = Release|Any CPU
		{4B10BDD5-C0E5-4860-B113-8394B3B7896D}.Debug|Any CPU.ActiveCfg = Debug|Any CPU
		{4B10BDD5-C0E5-4860-B113-8394B3B7896D}.Debug|Any CPU.Build.0 = Debug|Any CPU
		{4B10BDD5-C0E5-4860-B113-8394B3B7896D}.Release|Any CPU.ActiveCfg = Release|Any CPU
		{4B10BDD5-C0E5-4860-B113-8394B3B7896D}.Release|Any CPU.Build.0 = Release|Any CPU
	EndGlobalSection
	GlobalSection(SolutionProperties) = preSolution
		HideSolutionNode = FALSE
	EndGlobalSection
	GlobalSection(ExtensibilityGlobals) = postSolution
		SolutionGuid = {FAE346D9-9199-4CA4-A99A-4AB8A09DFB5A}
	EndGlobalSection
EndGlobal
